
Microsoft Visual Studio Solution File, Format Version 12.00
# Visual Studio Version 17
VisualStudioVersion = 17.0.31903.59
MinimumVisualStudioVersion = 10.0.40219.1
Project("{FAE04EC0-301F-11D3-BF4B-00C04F79EFBC}") = "ArbitraryPictureFormat", "ArbitraryPictureFormat\ArbitraryPictureFormat.csproj", "{5344E42F-00DB-4872-91CC-F988F22B0626}"
EndProject
Project("{FAE04EC0-301F-11D3-BF4B-00C04F79EFBC}") = "ArbitraryPictureFormat.Tests", "ArbitraryPictureFormat.Tests\ArbitraryPictureFormat.Tests.csproj", "{4D3EF169-3777-485D-A20C-3D355DEA4989}"
EndProject
Project("{FAE04EC0-301F-11D3-BF4B-00C04F79EFBC}") = "ArbitraryPictureFormat.Core", "ArbitraryPictureFormat.Core\ArbitraryPictureFormat.Core.csproj", "{B1A2C3D4-1111-2222-3333-444455556666}"
EndProject
Project("{FAE04EC0-301F-11D3-BF4B-00C04F79EFBC}") = "ArbitraryPictureFormat.PaintDotNet", "ArbitraryPictureFormat.PaintDotNet\ArbitraryPictureFormat.PaintDotNet.csproj", "{C2B3D4E5-5555-6666-7777-888899990000}"
EndProject
Project("{8BC9CEB8-8B4A-11D0-8D11-00A0C91BC942}") = "apf_viewer", "viewer\apf_viewer.vcxproj", "{A1B2C3D4-E5F6-7890-ABCD-EF1234567890}"
EndProject
Global
	GlobalSection(SolutionConfigurationPlatforms) = preSolution
		Debug|Any CPU = Debug|Any CPU
		Debug|x64 = Debug|x64
		Debug|x86 = Debug|x86
		Release|Any CPU = Release|Any CPU
		Release|x64 = Release|x64
		Release|x86 = Release|x86
	EndGlobalSection
	GlobalSection(ProjectConfigurationPlatforms) = postSolution
		{5344E42F-00DB-4872-91CC-F988F22B0626}.Debug|Any CPU.ActiveCfg = Debug|Any CPU
		{5344E42F-00DB-4872-91CC-F988F22B0626}.Debug|Any CPU.Build.0 = Debug|Any CPU
		{5344E42F-00DB-4872-91CC-F988F22B0626}.Debug|x64.ActiveCfg = Debug|Any CPU
		{5344E42F-00DB-4872-91CC-F988F22B0626}.Debug|x64.Build.0 = Debug|Any CPU
		{5344E42F-00DB-4872-91CC-F988F22B0626}.Debug|x86.ActiveCfg = Debug|Any CPU
		{5344E42F-00DB-4872-91CC-F988F22B0626}.Debug|x86.Build.0 = Debug|Any CPU
		{5344E42F-00DB-4872-91CC-F988F22B0626}.Release|Any CPU.ActiveCfg = Release|Any CPU
		{5344E42F-00DB-4872-91CC-F988F22B0626}.Release|Any CPU.Build.0 = Release|Any CPU
		{5344E42F-00DB-4872-91CC-F988F22B0626}.Release|x64.ActiveCfg = Release|Any CPU
		{5344E42F-00DB-4872-91CC-F988F22B0626}.Release|x64.Build.0 = Release|Any CPU
		{5344E42F-00DB-4872-91CC-F988F22B0626}.Release|x86.ActiveCfg = Release|Any CPU
		{5344E42F-00DB-4872-91CC-F988F22B0626}.Release|x86.Build.0 = Release|Any CPU
		{4D3EF169-3777-485D-A20C-3D355DEA4989}.Debug|Any CPU.ActiveCfg = Debug|Any CPU
		{4D3EF169-3777-485D-A20C-3D355DEA4989}.Debug|Any CPU.Build.0 = Debug|Any CPU
		{4D3EF169-3777-485D-A20C-3D355DEA4989}.Debug|x64.ActiveCfg = Debug|Any CPU
		{4D3EF169-3777-485D-A20C-3D355DEA4989}.Debug|x64.Build.0 = Debug|Any CPU
		{4D3EF169-3777-485D-A20C-3D355DEA4989}.Debug|x86.ActiveCfg = Debug|Any CPU
		{4D3EF169-3777-485D-A20C-3D355DEA4989}.Debug|x86.Build.0 = Debug|Any CPU
		{4D3EF169-3777-485D-A20C-3D355DEA4989}.Release|Any CPU.ActiveCfg = Release|Any CPU
		{4D3EF169-3777-485D-A20C-3D355DEA4989}.Release|Any CPU.Build.0 = Release|Any CPU
		{4D3EF169-3777-485D-A20C-3D355DEA4989}.Release|x64.ActiveCfg = Release|Any CPU
		{4D3EF169-3777-485D-A20C-3D355DEA4989}.Release|x64.Build.0 = Release|Any CPU
		{4D3EF169-3777-485D-A20C-3D355DEA4989}.Release|x86.ActiveCfg = Release|Any CPU
		{4D3EF169-3777-485D-A20C-3D355DEA4989}.Release|x86.Build.0 = Release|Any CPU
		{B1A2C3D4-1111-2222-3333-444455556666}.Debug|Any CPU.ActiveCfg = Debug|Any CPU
		{B1A2C3D4-1111-2222-3333-444455556666}.Debug|Any CPU.Build.0 = Debug|Any CPU
		{B1A2C3D4-1111-2222-3333-444455556666}.Debug|x64.ActiveCfg = Debug|Any CPU
		{B1A2C3D4-1111-2222-3333-444455556666}.Debug|x64.Build.0 = Debug|Any CPU
		{B1A2C3D4-1111-2222-3333-444455556666}.Debug|x86.ActiveCfg = Debug|Any CPU
		{B1A2C3D4-1111-2222-3333-444455556666}.Debug|x86.Build.0 = Debug|Any CPU
		{B1A2C3D4-1111-2222-3333-444455556666}.Release|Any CPU.ActiveCfg = Release|Any CPU
		{B1A2C3D4-1111-2222-3333-444455556666}.Release|Any CPU.Build.0 = Release|Any CPU
		{B1A2C3D4-1111-2222-3333-444455556666}.Release|x64.ActiveCfg = Release|Any CPU
		{B1A2C3D4-1111-2222-3333-444455556666}.Release|x64.Build.0 = Release|Any CPU
		{B1A2C3D4-1111-2222-3333-444455556666}.Release|x86.ActiveCfg = Release|Any CPU
		{B1A2C3D4-1111-2222-3333-444455556666}.Release|x86.Build.0 = Release|Any CPU
		{C2B3D4E5-5555-6666-7777-888899990000}.Debug|Any CPU.ActiveCfg = Debug|Any CPU
		{C2B3D4E5-5555-6666-7777-888899990000}.Debug|Any CPU.Build.0 = Debug|Any CPU
		{C2B3D4E5-5555-6666-7777-888899990000}.Debug|x64.ActiveCfg = Debug|Any CPU
		{C2B3D4E5-5555-6666-7777-888899990000}.Debug|x64.Build.0 = Debug|Any CPU
		{C2B3D4E5-5555-6666-7777-888899990000}.Debug|x86.ActiveCfg = Debug|Any CPU
		{C2B3D4E5-5555-6666-7777-888899990000}.Debug|x86.Build.0 = Debug|Any CPU
		{C2B3D4E5-5555-6666-7777-888899990000}.Release|Any CPU.ActiveCfg = Release|Any CPU
		{C2B3D4E5-5555-6666-7777-888899990000}.Release|Any CPU.Build.0 = Release|Any CPU
		{C2B3D4E5-5555-6666-7777-888899990000}.Release|x64.ActiveCfg = Release|Any CPU
		{C2B3D4E5-5555-6666-7777-888899990000}.Release|x64.Build.0 = Release|Any CPU
		{C2B3D4E5-5555-6666-7777-888899990000}.Release|x86.ActiveCfg = Release|Any CPU
		{C2B3D4E5-5555-6666-7777-888899990000}.Release|x86.Build.0 = Release|Any CPU
		{A1B2C3D4-E5F6-7890-ABCD-EF1234567890}.Debug|Any CPU.ActiveCfg = Debug|x64
		{A1B2C3D4-E5F6-7890-ABCD-EF1234567890}.Debug|x64.ActiveCfg = Debug|x64
		{A1B2C3D4-E5F6-7890-ABCD-EF1234567890}.Debug|x64.Build.0 = Debug|x64
		{A1B2C3D4-E5F6-7890-ABCD-EF1234567890}.Debug|x86.ActiveCfg = Debug|x64
		{A1B2C3D4-E5F6-7890-ABCD-EF1234567890}.Release|Any CPU.ActiveCfg = Release|x64
		{A1B2C3D4-E5F6-7890-ABCD-EF1234567890}.Release|x64.ActiveCfg = Release|x64
		{A1B2C3D4-E5F6-7890-ABCD-EF1234567890}.Release|x64.Build.0 = Release|x64
		{A1B2C3D4-E5F6-7890-ABCD-EF1234567890}.Release|x86.ActiveCfg = Release|x64
	EndGlobalSection
	GlobalSection(SolutionProperties) = preSolution
		HideSolutionNode = FALSE
	EndGlobalSection
EndGlobal
